
Microsoft Visual Studio Solution File, Format Version 12.00
# Visual Studio Version 17
VisualStudioVersion = 17.0.31903.59
MinimumVisualStudioVersion = 10.0.40219.1
Project("{FAE04EC0-301F-11D3-BF4B-00C04F79EFBC}") = "System.Reflection.Helpers", "System.Reflection.Helpers\System.Reflection.Helpers.csproj", "{BE1AE722-54D6-4CF7-AF1E-6BF6E9DE0812}"
EndProject
Project("{FAE04EC0-301F-11D3-BF4B-00C04F79EFBC}") = "SplatDev.Content", "SplatDev.Content\SplatDev.Content.csproj", "{706A5394-4EFF-4333-BD33-6D9F14EFA7C2}"
EndProject
Project("{FAE04EC0-301F-11D3-BF4B-00C04F79EFBC}") = "SplatDev.Database", "SplatDev.Database\SplatDev.Database.csproj", "{51899890-1A0A-4112-B521-125789B3A42A}"
EndProject
Project("{FAE04EC0-301F-11D3-BF4B-00C04F79EFBC}") = "SplatDev.Database.MSSQLAdmin", "SplatDev.Database.MSSQLAdmin\SplatDev.Database.MSSQLAdmin.csproj", "{A1B2C3D4-E5F6-7890-ABCD-EF1234567890}"
EndProject
Project("{FAE04EC0-301F-11D3-BF4B-00C04F79EFBC}") = "SplatDev.GeoLocation", "SplatDev.GeoLocation\SplatDev.GeoLocation.csproj", "{C3D4E5F6-7890-ABCD-EF12-34567890ABCD}"
EndProject
Project("{FAE04EC0-301F-11D3-BF4B-00C04F79EFBC}") = "SplatDev.Logger", "SplatDev.Logger\SplatDev.Logger.csproj", "{D4E5F678-90AB-CDEF-1234-567890ABCDEF}"
EndProject
Project("{FAE04EC0-301F-11D3-BF4B-00C04F79EFBC}") = "SplatDev.Routing", "SplatDev.Routing\SplatDev.Routing.csproj", "{E5F67890-ABCD-EF12-3456-7890ABCDEF12}"
EndProject
Project("{FAE04EC0-301F-11D3-BF4B-00C04F79EFBC}") = "SplatDev.ScheduledTasks", "SplatDev.ScheduledTasks\SplatDev.ScheduledTasks.csproj", "{F6789012-BCDE-F123-4567-890ABCDEF123}"
EndProject
Project("{FAE04EC0-301F-11D3-BF4B-00C04F79EFBC}") = "SplatDev.Security", "SplatDev.Security\SplatDev.Security.csproj", "{07890123-CDEF-2345-6789-0ABCDEF12345}"
EndProject
Project("{FAE04EC0-301F-11D3-BF4B-00C04F79EFBC}") = "SplatDev.Mobile.Detection", "SplatDev.Mobile.Detection\SplatDev.Mobile.Detection.csproj", "{18901234-DEF0-3456-789A-BCDEF1234567}"
EndProject
Project("{FAE04EC0-301F-11D3-BF4B-00C04F79EFBC}") = "SplatDev.Messaging", "SplatDev.Messaging\SplatDev.Messaging.csproj", "{1EC91E3E-07F5-44C6-B07C-1EBF7F561607}"
EndProject
Project("{FAE04EC0-301F-11D3-BF4B-00C04F79EFBC}") = "SplatDev.Messaging.Mailgun", "SplatDev.Messaging.Mailgun\SplatDev.Messaging.Mailgun.csproj", "{29012345-EF01-4567-89AB-CDEF12345678}"
EndProject
Project("{FAE04EC0-301F-11D3-BF4B-00C04F79EFBC}") = "SplatDev.Messaging.Newsletter", "SplatDev.Messaging.Newsletter\SplatDev.Messaging.Newsletter.csproj", "{3A123456-F012-5678-9ABC-DEF123456789}"
EndProject
Project("{FAE04EC0-301F-11D3-BF4B-00C04F79EFBC}") = "SplatDev.Messaging.SendGrid", "SplatDev.Messaging.SendGrid\SplatDev.Messaging.SendGrid.csproj", "{4B234567-0123-6789-ABCD-EF1234567890}"
EndProject
Project("{FAE04EC0-301F-11D3-BF4B-00C04F79EFBC}") = "SplatDev.Messaging.Smtp", "SplatDev.Messaging.Smtp\SplatDev.Messaging.Smtp.csproj", "{F168A536-BC9B-4596-9837-8AB555262CBC}"
EndProject
Project("{FAE04EC0-301F-11D3-BF4B-00C04F79EFBC}") = "SplatDev.Messaging.SocketLabs", "SplatDev.Messaging.SocketLabs\SplatDev.Messaging.SocketLabs.csproj", "{5C345678-1234-789A-BCDE-F12345678901}"
EndProject
Project("{FAE04EC0-301F-11D3-BF4B-00C04F79EFBC}") = "SplatDev.Messaging.Twilio", "SplatDev.Messaging.Twilio\SplatDev.Messaging.Twilio.csproj", "{6D456789-2345-89AB-CDEF-012345678912}"
EndProject
Project("{FAE04EC0-301F-11D3-BF4B-00C04F79EFBC}") = "SplatDev.Messaging.SMSTools", "SplatDev.Messaging.SMSTools\SplatDev.Messaging.SMSTools.csproj", "{7E567890-3456-9ABC-DEF0-123456789023}"
EndProject
Project("{FAE04EC0-301F-11D3-BF4B-00C04F79EFBC}") = "SplatDev.Payments", "SplatDev.Payments\SplatDev.Payments.csproj", "{8F678901-4567-ABCD-EF01-234567890134}"
EndProject
Project("{FAE04EC0-301F-11D3-BF4B-00C04F79EFBC}") = "SplatDev.Payments.MercadoPago", "SplatDev.Payments.MercadoPago\SplatDev.Payments.MercadoPago.csproj", "{9A789012-5678-BCDE-F012-345678901245}"
EndProject
Project("{FAE04EC0-301F-11D3-BF4B-00C04F79EFBC}") = "SplatDev.Payments.PagSeguro", "SplatDev.Payments.PagSeguro\SplatDev.Payments.PagSeguro.csproj", "{AB890123-6789-CDEF-0123-456789012356}"
EndProject
Project("{FAE04EC0-301F-11D3-BF4B-00C04F79EFBC}") = "SplatDev.Payments.Stripe", "SplatDev.Payments.Stripe\SplatDev.Payments.Stripe.csproj", "{BC901234-789A-DEF0-1234-567890123467}"
EndProject
Project("{FAE04EC0-301F-11D3-BF4B-00C04F79EFBC}") = "SplatDev.Tests", "SplatDev.Tests\SplatDev.Tests.csproj", "{CD012345-89AB-EF01-2345-678901234578}"
EndProject
Project("{FAE04EC0-301F-11D3-BF4B-00C04F79EFBC}") = "SplatDev.Umbraco.2FA", "SplatDev.Umbraco.2FA\SplatDev.Umbraco.2FA.csproj", "{CD6A158C-C18A-4CEF-832C-DF1948F00272}"
EndProject
Project("{FAE04EC0-301F-11D3-BF4B-00C04F79EFBC}") = "SplatDev.Umbraco.Common", "SplatDev.Umbraco.Common\SplatDev.Umbraco.Common.csproj", "{C75EA581-3649-4B9D-B313-2655CDC9CAB5}"
EndProject
Project("{FAE04EC0-301F-11D3-BF4B-00C04F79EFBC}") = "SplatDev.Umbraco.EntityFramework", "SplatDev.Umbraco.EntityFramework\SplatDev.Umbraco.EntityFramework.csproj", "{39954C6F-9909-4328-9958-27DA8323ED8A}"
EndProject
Project("{FAE04EC0-301F-11D3-BF4B-00C04F79EFBC}") = "SplatDev.Umbraco.Pagination", "SplatDev.Umbraco.Pagination\SplatDev.Umbraco.Pagination.csproj", "{5C441981-53E7-4C47-B571-454084AF54BF}"
EndProject
Project("{FAE04EC0-301F-11D3-BF4B-00C04F79EFBC}") = "SplatDev.Umbraco.Examine", "SplatDev.Umbraco.Examine\SplatDev.Umbraco.Examine.csproj", "{6907017C-18B3-4247-92B3-2478714EDBC7}"
EndProject
Project("{FAE04EC0-301F-11D3-BF4B-00C04F79EFBC}") = "SplatDev.Umbraco.DataTypes.USStates", "SplatDev.Umbraco.DataTypes.USStates\SplatDev.Umbraco.DataTypes.USStates.csproj", "{827E8106-D817-4181-8808-029314ACBF3A}"
EndProject
Project("{FAE04EC0-301F-11D3-BF4B-00C04F79EFBC}") = "SplatDev.Umbraco.Markup", "SplatDev.Umbraco.Markup\SplatDev.Umbraco.Markup.csproj", "{984A28A4-EEC4-42DC-AD01-13B02EBE024D}"
EndProject
Project("{FAE04EC0-301F-11D3-BF4B-00C04F79EFBC}") = "SplatDev.Umbraco.Membership", "SplatDev.Umbraco.Membership\SplatDev.Umbraco.Membership.csproj", "{EA4D637C-80CF-4B84-959B-07DDBFD6019D}"
EndProject
Project("{FAE04EC0-301F-11D3-BF4B-00C04F79EFBC}") = "SplatDev.Umbraco.NPoco", "SplatDev.Umbraco.NPoco\SplatDev.Umbraco.NPoco.csproj", "{D63B8FCB-FB91-44B2-92F2-265771855795}"
EndProject
Project("{FAE04EC0-301F-11D3-BF4B-00C04F79EFBC}") = "SplatDev.Umbraco.QueryStringFilters", "SplatDev.Umbraco.QueryStringFilters\SplatDev.Umbraco.QueryStringFilters.csproj", "{96B0A43B-F06D-4CE8-8933-C84DEEE63CEA}"
EndProject
Project("{FAE04EC0-301F-11D3-BF4B-00C04F79EFBC}") = "SplatDev.Umbraco.Authorization.Ldap", "SplatDev.Umbraco.Authorization.Ldap\SplatDev.Umbraco.Authorization.Ldap.csproj", "{4A17B22E-F1F3-4E38-A784-B34C5307B554}"
EndProject
Project("{FAE04EC0-301F-11D3-BF4B-00C04F79EFBC}") = "SplatDev.Umbraco.Plugins.ExceptionManager", "SplatDev.Umbraco.Plugins.ExceptionManager\SplatDev.Umbraco.Plugins.ExceptionManager.csproj", "{55F556C9-FB4E-4134-84AE-966E6BC3F5E7}"
EndProject
Project("{FAE04EC0-301F-11D3-BF4B-00C04F79EFBC}") = "SplatDev.Umbraco.Plugins.IspServices", "SplatDev.Umbraco.Plugins.IspServices\SplatDev.Umbraco.Plugins.IspServices.csproj", "{60BEA2FF-FDBC-49DA-87AA-83670703E3AF}"
EndProject
Project("{FAE04EC0-301F-11D3-BF4B-00C04F79EFBC}") = "SplatDev.Umbraco.Plugins.WordsApi", "SplatDev.Umbraco.Plugins.WordsApi\SplatDev.Umbraco.Plugins.WordsApi.csproj", "{42A907D5-2A00-4E27-A003-8CFC935B5BC0}"
EndProject
Project("{FAE04EC0-301F-11D3-BF4B-00C04F79EFBC}") = "SplatDev.Umbraco.Plugins.SEO", "SplatDev.Umbraco.Plugins.SEO\SplatDev.Umbraco.Plugins.SEO.csproj", "{BF48241B-2F79-4ECF-B8B9-449CD19C54E0}"
EndProject
Project("{FAE04EC0-301F-11D3-BF4B-00C04F79EFBC}") = "SplatDev.Umbraco.Plugins.Security", "SplatDev.Umbraco.Plugins.Security\SplatDev.Umbraco.Plugins.Security.csproj", "{965B5314-F7D6-4EB3-879B-137EF57940F8}"
EndProject
Project("{FAE04EC0-301F-11D3-BF4B-00C04F79EFBC}") = "SplatDev.Umbraco.Plugins.OAuth", "SplatDev.Umbraco.Plugins.OAuth\SplatDev.Umbraco.Plugins.OAuth.csproj", "{625F6F51-FCC8-49E5-BCB8-C6C0EB53444F}"
EndProject
Project("{FAE04EC0-301F-11D3-BF4B-00C04F79EFBC}") = "SplatDev.Umbraco.Plugins.ShortUrls", "SplatDev.Umbraco.Plugins.ShortUrls\SplatDev.Umbraco.Plugins.ShortUrls.csproj", "{2BECDCEF-AE09-4AD5-9C41-20F36E9C7BDC}"
EndProject
Project("{FAE04EC0-301F-11D3-BF4B-00C04F79EFBC}") = "SplatDev.Umbraco.Plugins.PdfCurator", "SplatDev.Umbraco.Plugins.PdfCurator\SplatDev.Umbraco.Plugins.PdfCurator.csproj", "{88A9F125-F8F7-4C8A-A5D9-7AB0DDD7995A}"
EndProject
Project("{FAE04EC0-301F-11D3-BF4B-00C04F79EFBC}") = "Umbraco.Plugins.Countries", "Umbraco.Plugins.Countries\Umbraco.Plugins.Countries.csproj", "{E0AE76A8-4A71-4C96-AC7C-7B2975E316F4}"
EndProject
Project("{FAE04EC0-301F-11D3-BF4B-00C04F79EFBC}") = "Umbraco.Plugins.CustomLogin", "Umbraco.Plugins.CustomLogin\Umbraco.Plugins.CustomLogin.csproj", "{FCA54D66-1B44-4F52-A3DA-B5E5B2F12575}"
EndProject
Project("{FAE04EC0-301F-11D3-BF4B-00C04F79EFBC}") = "Umbraco.Plugins.RedirectManager", "Umbraco.Plugins.RedirectManager\Umbraco.Plugins.RedirectManager.csproj", "{D916C64C-AEC4-4396-8E57-54F9AF222916}"
EndProject
Project("{FAE04EC0-301F-11D3-BF4B-00C04F79EFBC}") = "Umbraco.Plugins.Mailer", "Umbraco.Plugins.Mailer\Umbraco.Plugins.Mailer.csproj", "{554A7BF8-DC9B-4116-8DB3-9DA0CE5CFB8D}"
EndProject
Project("{FAE04EC0-301F-11D3-BF4B-00C04F79EFBC}") = "Umbraco.Plugins.CacheManager", "Umbraco.Plugins.CacheManager\Umbraco.Plugins.CacheManager.csproj", "{F112B4D7-9644-44D4-B9C7-D3023E6B96F2}"
EndProject
Global
	GlobalSection(SolutionConfigurationPlatforms) = preSolution
		Debug|Any CPU = Debug|Any CPU
		Debug|x64 = Debug|x64
		Debug|x86 = Debug|x86
		Release|Any CPU = Release|Any CPU
		Release|x64 = Release|x64
		Release|x86 = Release|x86
	EndGlobalSection
	GlobalSection(ProjectConfigurationPlatforms) = postSolution
		{BE1AE722-54D6-4CF7-AF1E-6BF6E9DE0812}.Debug|Any CPU.ActiveCfg = Debug|Any CPU
		{BE1AE722-54D6-4CF7-AF1E-6BF6E9DE0812}.Debug|Any CPU.Build.0 = Debug|Any CPU
		{BE1AE722-54D6-4CF7-AF1E-6BF6E9DE0812}.Debug|x64.ActiveCfg = Debug|Any CPU
		{BE1AE722-54D6-4CF7-AF1E-6BF6E9DE0812}.Debug|x64.Build.0 = Debug|Any CPU
		{BE1AE722-54D6-4CF7-AF1E-6BF6E9DE0812}.Debug|x86.ActiveCfg = Debug|Any CPU
		{BE1AE722-54D6-4CF7-AF1E-6BF6E9DE0812}.Debug|x86.Build.0 = Debug|Any CPU
		{BE1AE722-54D6-4CF7-AF1E-6BF6E9DE0812}.Release|Any CPU.ActiveCfg = Release|Any CPU
		{BE1AE722-54D6-4CF7-AF1E-6BF6E9DE0812}.Release|Any CPU.Build.0 = Release|Any CPU
		{BE1AE722-54D6-4CF7-AF1E-6BF6E9DE0812}.Release|x64.ActiveCfg = Release|Any CPU
		{BE1AE722-54D6-4CF7-AF1E-6BF6E9DE0812}.Release|x64.Build.0 = Release|Any CPU
		{BE1AE722-54D6-4CF7-AF1E-6BF6E9DE0812}.Release|x86.ActiveCfg = Release|Any CPU
		{BE1AE722-54D6-4CF7-AF1E-6BF6E9DE0812}.Release|x86.Build.0 = Release|Any CPU
		{706A5394-4EFF-4333-BD33-6D9F14EFA7C2}.Debug|Any CPU.ActiveCfg = Debug|Any CPU
		{706A5394-4EFF-4333-BD33-6D9F14EFA7C2}.Debug|Any CPU.Build.0 = Debug|Any CPU
		{706A5394-4EFF-4333-BD33-6D9F14EFA7C2}.Debug|x64.ActiveCfg = Debug|Any CPU
		{706A5394-4EFF-4333-BD33-6D9F14EFA7C2}.Debug|x64.Build.0 = Debug|Any CPU
		{706A5394-4EFF-4333-BD33-6D9F14EFA7C2}.Debug|x86.ActiveCfg = Debug|Any CPU
		{706A5394-4EFF-4333-BD33-6D9F14EFA7C2}.Debug|x86.Build.0 = Debug|Any CPU
		{706A5394-4EFF-4333-BD33-6D9F14EFA7C2}.Release|Any CPU.ActiveCfg = Release|Any CPU
		{706A5394-4EFF-4333-BD33-6D9F14EFA7C2}.Release|Any CPU.Build.0 = Release|Any CPU
		{706A5394-4EFF-4333-BD33-6D9F14EFA7C2}.Release|x64.ActiveCfg = Release|Any CPU
		{706A5394-4EFF-4333-BD33-6D9F14EFA7C2}.Release|x64.Build.0 = Release|Any CPU
		{706A5394-4EFF-4333-BD33-6D9F14EFA7C2}.Release|x86.ActiveCfg = Release|Any CPU
		{706A5394-4EFF-4333-BD33-6D9F14EFA7C2}.Release|x86.Build.0 = Release|Any CPU
		{51899890-1A0A-4112-B521-125789B3A42A}.Debug|Any CPU.ActiveCfg = Debug|Any CPU
		{51899890-1A0A-4112-B521-125789B3A42A}.Debug|Any CPU.Build.0 = Debug|Any CPU
		{51899890-1A0A-4112-B521-125789B3A42A}.Debug|x64.ActiveCfg = Debug|Any CPU
		{51899890-1A0A-4112-B521-125789B3A42A}.Debug|x64.Build.0 = Debug|Any CPU
		{51899890-1A0A-4112-B521-125789B3A42A}.Debug|x86.ActiveCfg = Debug|Any CPU
		{51899890-1A0A-4112-B521-125789B3A42A}.Debug|x86.Build.0 = Debug|Any CPU
		{51899890-1A0A-4112-B521-125789B3A42A}.Release|Any CPU.ActiveCfg = Release|Any CPU
		{51899890-1A0A-4112-B521-125789B3A42A}.Release|Any CPU.Build.0 = Release|Any CPU
		{51899890-1A0A-4112-B521-125789B3A42A}.Release|x64.ActiveCfg = Release|Any CPU
		{51899890-1A0A-4112-B521-125789B3A42A}.Release|x64.Build.0 = Release|Any CPU
		{51899890-1A0A-4112-B521-125789B3A42A}.Release|x86.ActiveCfg = Release|Any CPU
		{51899890-1A0A-4112-B521-125789B3A42A}.Release|x86.Build.0 = Release|Any CPU
		{A1B2C3D4-E5F6-7890-ABCD-EF1234567890}.Debug|Any CPU.ActiveCfg = Debug|Any CPU
		{A1B2C3D4-E5F6-7890-ABCD-EF1234567890}.Debug|Any CPU.Build.0 = Debug|Any CPU
		{A1B2C3D4-E5F6-7890-ABCD-EF1234567890}.Debug|x64.ActiveCfg = Debug|Any CPU
		{A1B2C3D4-E5F6-7890-ABCD-EF1234567890}.Debug|x64.Build.0 = Debug|Any CPU
		{A1B2C3D4-E5F6-7890-ABCD-EF1234567890}.Debug|x86.ActiveCfg = Debug|Any CPU
		{A1B2C3D4-E5F6-7890-ABCD-EF1234567890}.Debug|x86.Build.0 = Debug|Any CPU
		{A1B2C3D4-E5F6-7890-ABCD-EF1234567890}.Release|Any CPU.ActiveCfg = Release|Any CPU
		{A1B2C3D4-E5F6-7890-ABCD-EF1234567890}.Release|Any CPU.Build.0 = Release|Any CPU
		{A1B2C3D4-E5F6-7890-ABCD-EF1234567890}.Release|x64.ActiveCfg = Release|Any CPU
		{A1B2C3D4-E5F6-7890-ABCD-EF1234567890}.Release|x64.Build.0 = Release|Any CPU
		{A1B2C3D4-E5F6-7890-ABCD-EF1234567890}.Release|x86.ActiveCfg = Release|Any CPU
		{A1B2C3D4-E5F6-7890-ABCD-EF1234567890}.Release|x86.Build.0 = Release|Any CPU
		{C3D4E5F6-7890-ABCD-EF12-34567890ABCD}.Debug|Any CPU.ActiveCfg = Debug|Any CPU
		{C3D4E5F6-7890-ABCD-EF12-34567890ABCD}.Debug|Any CPU.Build.0 = Debug|Any CPU
		{C3D4E5F6-7890-ABCD-EF12-34567890ABCD}.Debug|x64.ActiveCfg = Debug|Any CPU
		{C3D4E5F6-7890-ABCD-EF12-34567890ABCD}.Debug|x64.Build.0 = Debug|Any CPU
		{C3D4E5F6-7890-ABCD-EF12-34567890ABCD}.Debug|x86.ActiveCfg = Debug|Any CPU
		{C3D4E5F6-7890-ABCD-EF12-34567890ABCD}.Debug|x86.Build.0 = Debug|Any CPU
		{C3D4E5F6-7890-ABCD-EF12-34567890ABCD}.Release|Any CPU.ActiveCfg = Release|Any CPU
		{C3D4E5F6-7890-ABCD-EF12-34567890ABCD}.Release|Any CPU.Build.0 = Release|Any CPU
		{C3D4E5F6-7890-ABCD-EF12-34567890ABCD}.Release|x64.ActiveCfg = Release|Any CPU
		{C3D4E5F6-7890-ABCD-EF12-34567890ABCD}.Release|x64.Build.0 = Release|Any CPU
		{C3D4E5F6-7890-ABCD-EF12-34567890ABCD}.Release|x86.ActiveCfg = Release|Any CPU
		{C3D4E5F6-7890-ABCD-EF12-34567890ABCD}.Release|x86.Build.0 = Release|Any CPU
		{D4E5F678-90AB-CDEF-1234-567890ABCDEF}.Debug|Any CPU.ActiveCfg = Debug|Any CPU
		{D4E5F678-90AB-CDEF-1234-567890ABCDEF}.Debug|Any CPU.Build.0 = Debug|Any CPU
		{D4E5F678-90AB-CDEF-1234-567890ABCDEF}.Debug|x64.ActiveCfg = Debug|Any CPU
		{D4E5F678-90AB-CDEF-1234-567890ABCDEF}.Debug|x64.Build.0 = Debug|Any CPU
		{D4E5F678-90AB-CDEF-1234-567890ABCDEF}.Debug|x86.ActiveCfg = Debug|Any CPU
		{D4E5F678-90AB-CDEF-1234-567890ABCDEF}.Debug|x86.Build.0 = Debug|Any CPU
		{D4E5F678-90AB-CDEF-1234-567890ABCDEF}.Release|Any CPU.ActiveCfg = Release|Any CPU
		{D4E5F678-90AB-CDEF-1234-567890ABCDEF}.Release|Any CPU.Build.0 = Release|Any CPU
		{D4E5F678-90AB-CDEF-1234-567890ABCDEF}.Release|x64.ActiveCfg = Release|Any CPU
		{D4E5F678-90AB-CDEF-1234-567890ABCDEF}.Release|x64.Build.0 = Release|Any CPU
		{D4E5F678-90AB-CDEF-1234-567890ABCDEF}.Release|x86.ActiveCfg = Release|Any CPU
		{D4E5F678-90AB-CDEF-1234-567890ABCDEF}.Release|x86.Build.0 = Release|Any CPU
		{E5F67890-ABCD-EF12-3456-7890ABCDEF12}.Debug|Any CPU.ActiveCfg = Debug|Any CPU
		{E5F67890-ABCD-EF12-3456-7890ABCDEF12}.Debug|Any CPU.Build.0 = Debug|Any CPU
		{E5F67890-ABCD-EF12-3456-7890ABCDEF12}.Debug|x64.ActiveCfg = Debug|Any CPU
		{E5F67890-ABCD-EF12-3456-7890ABCDEF12}.Debug|x64.Build.0 = Debug|Any CPU
		{E5F67890-ABCD-EF12-3456-7890ABCDEF12}.Debug|x86.ActiveCfg = Debug|Any CPU
		{E5F67890-ABCD-EF12-3456-7890ABCDEF12}.Debug|x86.Build.0 = Debug|Any CPU
		{E5F67890-ABCD-EF12-3456-7890ABCDEF12}.Release|Any CPU.ActiveCfg = Release|Any CPU
		{E5F67890-ABCD-EF12-3456-7890ABCDEF12}.Release|Any CPU.Build.0 = Release|Any CPU
		{E5F67890-ABCD-EF12-3456-7890ABCDEF12}.Release|x64.ActiveCfg = Release|Any CPU
		{E5F67890-ABCD-EF12-3456-7890ABCDEF12}.Release|x64.Build.0 = Release|Any CPU
		{E5F67890-ABCD-EF12-3456-7890ABCDEF12}.Release|x86.ActiveCfg = Release|Any CPU
		{E5F67890-ABCD-EF12-3456-7890ABCDEF12}.Release|x86.Build.0 = Release|Any CPU
		{F6789012-BCDE-F123-4567-890ABCDEF123}.Debug|Any CPU.ActiveCfg = Debug|Any CPU
		{F6789012-BCDE-F123-4567-890ABCDEF123}.Debug|Any CPU.Build.0 = Debug|Any CPU
		{F6789012-BCDE-F123-4567-890ABCDEF123}.Debug|x64.ActiveCfg = Debug|Any CPU
		{F6789012-BCDE-F123-4567-890ABCDEF123}.Debug|x64.Build.0 = Debug|Any CPU
		{F6789012-BCDE-F123-4567-890ABCDEF123}.Debug|x86.ActiveCfg = Debug|Any CPU
		{F6789012-BCDE-F123-4567-890ABCDEF123}.Debug|x86.Build.0 = Debug|Any CPU
		{F6789012-BCDE-F123-4567-890ABCDEF123}.Release|Any CPU.ActiveCfg = Release|Any CPU
		{F6789012-BCDE-F123-4567-890ABCDEF123}.Release|Any CPU.Build.0 = Release|Any CPU
		{F6789012-BCDE-F123-4567-890ABCDEF123}.Release|x64.ActiveCfg = Release|Any CPU
		{F6789012-BCDE-F123-4567-890ABCDEF123}.Release|x64.Build.0 = Release|Any CPU
		{F6789012-BCDE-F123-4567-890ABCDEF123}.Release|x86.ActiveCfg = Release|Any CPU
		{F6789012-BCDE-F123-4567-890ABCDEF123}.Release|x86.Build.0 = Release|Any CPU
		{07890123-CDEF-2345-6789-0ABCDEF12345}.Debug|Any CPU.ActiveCfg = Debug|Any CPU
		{07890123-CDEF-2345-6789-0ABCDEF12345}.Debug|Any CPU.Build.0 = Debug|Any CPU
		{07890123-CDEF-2345-6789-0ABCDEF12345}.Debug|x64.ActiveCfg = Debug|Any CPU
		{07890123-CDEF-2345-6789-0ABCDEF12345}.Debug|x64.Build.0 = Debug|Any CPU
		{07890123-CDEF-2345-6789-0ABCDEF12345}.Debug|x86.ActiveCfg = Debug|Any CPU
		{07890123-CDEF-2345-6789-0ABCDEF12345}.Debug|x86.Build.0 = Debug|Any CPU
		{07890123-CDEF-2345-6789-0ABCDEF12345}.Release|Any CPU.ActiveCfg = Release|Any CPU
		{07890123-CDEF-2345-6789-0ABCDEF12345}.Release|Any CPU.Build.0 = Release|Any CPU
		{07890123-CDEF-2345-6789-0ABCDEF12345}.Release|x64.ActiveCfg = Release|Any CPU
		{07890123-CDEF-2345-6789-0ABCDEF12345}.Release|x64.Build.0 = Release|Any CPU
		{07890123-CDEF-2345-6789-0ABCDEF12345}.Release|x86.ActiveCfg = Release|Any CPU
		{07890123-CDEF-2345-6789-0ABCDEF12345}.Release|x86.Build.0 = Release|Any CPU
		{18901234-DEF0-3456-789A-BCDEF1234567}.Debug|Any CPU.ActiveCfg = Debug|Any CPU
		{18901234-DEF0-3456-789A-BCDEF1234567}.Debug|Any CPU.Build.0 = Debug|Any CPU
		{18901234-DEF0-3456-789A-BCDEF1234567}.Debug|x64.ActiveCfg = Debug|Any CPU
		{18901234-DEF0-3456-789A-BCDEF1234567}.Debug|x64.Build.0 = Debug|Any CPU
		{18901234-DEF0-3456-789A-BCDEF1234567}.Debug|x86.ActiveCfg = Debug|Any CPU
		{18901234-DEF0-3456-789A-BCDEF1234567}.Debug|x86.Build.0 = Debug|Any CPU
		{18901234-DEF0-3456-789A-BCDEF1234567}.Release|Any CPU.ActiveCfg = Release|Any CPU
		{18901234-DEF0-3456-789A-BCDEF1234567}.Release|Any CPU.Build.0 = Release|Any CPU
		{18901234-DEF0-3456-789A-BCDEF1234567}.Release|x64.ActiveCfg = Release|Any CPU
		{18901234-DEF0-3456-789A-BCDEF1234567}.Release|x64.Build.0 = Release|Any CPU
		{18901234-DEF0-3456-789A-BCDEF1234567}.Release|x86.ActiveCfg = Release|Any CPU
		{18901234-DEF0-3456-789A-BCDEF1234567}.Release|x86.Build.0 = Release|Any CPU
		{1EC91E3E-07F5-44C6-B07C-1EBF7F561607}.Debug|Any CPU.ActiveCfg = Debug|Any CPU
		{1EC91E3E-07F5-44C6-B07C-1EBF7F561607}.Debug|Any CPU.Build.0 = Debug|Any CPU
		{1EC91E3E-07F5-44C6-B07C-1EBF7F561607}.Debug|x64.ActiveCfg = Debug|Any CPU
		{1EC91E3E-07F5-44C6-B07C-1EBF7F561607}.Debug|x64.Build.0 = Debug|Any CPU
		{1EC91E3E-07F5-44C6-B07C-1EBF7F561607}.Debug|x86.ActiveCfg = Debug|Any CPU
		{1EC91E3E-07F5-44C6-B07C-1EBF7F561607}.Debug|x86.Build.0 = Debug|Any CPU
		{1EC91E3E-07F5-44C6-B07C-1EBF7F561607}.Release|Any CPU.ActiveCfg = Release|Any CPU
		{1EC91E3E-07F5-44C6-B07C-1EBF7F561607}.Release|Any CPU.Build.0 = Release|Any CPU
		{1EC91E3E-07F5-44C6-B07C-1EBF7F561607}.Release|x64.ActiveCfg = Release|Any CPU
		{1EC91E3E-07F5-44C6-B07C-1EBF7F561607}.Release|x64.Build.0 = Release|Any CPU
		{1EC91E3E-07F5-44C6-B07C-1EBF7F561607}.Release|x86.ActiveCfg = Release|Any CPU
		{1EC91E3E-07F5-44C6-B07C-1EBF7F561607}.Release|x86.Build.0 = Release|Any CPU
		{29012345-EF01-4567-89AB-CDEF12345678}.Debug|Any CPU.ActiveCfg = Debug|Any CPU
		{29012345-EF01-4567-89AB-CDEF12345678}.Debug|Any CPU.Build.0 = Debug|Any CPU
		{29012345-EF01-4567-89AB-CDEF12345678}.Debug|x64.ActiveCfg = Debug|Any CPU
		{29012345-EF01-4567-89AB-CDEF12345678}.Debug|x64.Build.0 = Debug|Any CPU
		{29012345-EF01-4567-89AB-CDEF12345678}.Debug|x86.ActiveCfg = Debug|Any CPU
		{29012345-EF01-4567-89AB-CDEF12345678}.Debug|x86.Build.0 = Debug|Any CPU
		{29012345-EF01-4567-89AB-CDEF12345678}.Release|Any CPU.ActiveCfg = Release|Any CPU
		{29012345-EF01-4567-89AB-CDEF12345678}.Release|Any CPU.Build.0 = Release|Any CPU
		{29012345-EF01-4567-89AB-CDEF12345678}.Release|x64.ActiveCfg = Release|Any CPU
		{29012345-EF01-4567-89AB-CDEF12345678}.Release|x64.Build.0 = Release|Any CPU
		{29012345-EF01-4567-89AB-CDEF12345678}.Release|x86.ActiveCfg = Release|Any CPU
		{29012345-EF01-4567-89AB-CDEF12345678}.Release|x86.Build.0 = Release|Any CPU
		{3A123456-F012-5678-9ABC-DEF123456789}.Debug|Any CPU.ActiveCfg = Debug|Any CPU
		{3A123456-F012-5678-9ABC-DEF123456789}.Debug|Any CPU.Build.0 = Debug|Any CPU
		{3A123456-F012-5678-9ABC-DEF123456789}.Debug|x64.ActiveCfg = Debug|Any CPU
		{3A123456-F012-5678-9ABC-DEF123456789}.Debug|x64.Build.0 = Debug|Any CPU
		{3A123456-F012-5678-9ABC-DEF123456789}.Debug|x86.ActiveCfg = Debug|Any CPU
		{3A123456-F012-5678-9ABC-DEF123456789}.Debug|x86.Build.0 = Debug|Any CPU
		{3A123456-F012-5678-9ABC-DEF123456789}.Release|Any CPU.ActiveCfg = Release|Any CPU
		{3A123456-F012-5678-9ABC-DEF123456789}.Release|Any CPU.Build.0 = Release|Any CPU
		{3A123456-F012-5678-9ABC-DEF123456789}.Release|x64.ActiveCfg = Release|Any CPU
		{3A123456-F012-5678-9ABC-DEF123456789}.Release|x64.Build.0 = Release|Any CPU
		{3A123456-F012-5678-9ABC-DEF123456789}.Release|x86.ActiveCfg = Release|Any CPU
		{3A123456-F012-5678-9ABC-DEF123456789}.Release|x86.Build.0 = Release|Any CPU
		{4B234567-0123-6789-ABCD-EF1234567890}.Debug|Any CPU.ActiveCfg = Debug|Any CPU
		{4B234567-0123-6789-ABCD-EF1234567890}.Debug|Any CPU.Build.0 = Debug|Any CPU
		{4B234567-0123-6789-ABCD-EF1234567890}.Debug|x64.ActiveCfg = Debug|Any CPU
		{4B234567-0123-6789-ABCD-EF1234567890}.Debug|x64.Build.0 = Debug|Any CPU
		{4B234567-0123-6789-ABCD-EF1234567890}.Debug|x86.ActiveCfg = Debug|Any CPU
		{4B234567-0123-6789-ABCD-EF1234567890}.Debug|x86.Build.0 = Debug|Any CPU
		{4B234567-0123-6789-ABCD-EF1234567890}.Release|Any CPU.ActiveCfg = Release|Any CPU
		{4B234567-0123-6789-ABCD-EF1234567890}.Release|Any CPU.Build.0 = Release|Any CPU
		{4B234567-0123-6789-ABCD-EF1234567890}.Release|x64.ActiveCfg = Release|Any CPU
		{4B234567-0123-6789-ABCD-EF1234567890}.Release|x64.Build.0 = Release|Any CPU
		{4B234567-0123-6789-ABCD-EF1234567890}.Release|x86.ActiveCfg = Release|Any CPU
		{4B234567-0123-6789-ABCD-EF1234567890}.Release|x86.Build.0 = Release|Any CPU
		{F168A536-BC9B-4596-9837-8AB555262CBC}.Debug|Any CPU.ActiveCfg = Debug|Any CPU
		{F168A536-BC9B-4596-9837-8AB555262CBC}.Debug|Any CPU.Build.0 = Debug|Any CPU
		{F168A536-BC9B-4596-9837-8AB555262CBC}.Debug|x64.ActiveCfg = Debug|Any CPU
		{F168A536-BC9B-4596-9837-8AB555262CBC}.Debug|x64.Build.0 = Debug|Any CPU
		{F168A536-BC9B-4596-9837-8AB555262CBC}.Debug|x86.ActiveCfg = Debug|Any CPU
		{F168A536-BC9B-4596-9837-8AB555262CBC}.Debug|x86.Build.0 = Debug|Any CPU
		{F168A536-BC9B-4596-9837-8AB555262CBC}.Release|Any CPU.ActiveCfg = Release|Any CPU
		{F168A536-BC9B-4596-9837-8AB555262CBC}.Release|Any CPU.Build.0 = Release|Any CPU
		{F168A536-BC9B-4596-9837-8AB555262CBC}.Release|x64.ActiveCfg = Release|Any CPU
		{F168A536-BC9B-4596-9837-8AB555262CBC}.Release|x64.Build.0 = Release|Any CPU
		{F168A536-BC9B-4596-9837-8AB555262CBC}.Release|x86.ActiveCfg = Release|Any CPU
		{F168A536-BC9B-4596-9837-8AB555262CBC}.Release|x86.Build.0 = Release|Any CPU
		{5C345678-1234-789A-BCDE-F12345678901}.Debug|Any CPU.ActiveCfg = Debug|Any CPU
		{5C345678-1234-789A-BCDE-F12345678901}.Debug|Any CPU.Build.0 = Debug|Any CPU
		{5C345678-1234-789A-BCDE-F12345678901}.Debug|x64.ActiveCfg = Debug|Any CPU
		{5C345678-1234-789A-BCDE-F12345678901}.Debug|x64.Build.0 = Debug|Any CPU
		{5C345678-1234-789A-BCDE-F12345678901}.Debug|x86.ActiveCfg = Debug|Any CPU
		{5C345678-1234-789A-BCDE-F12345678901}.Debug|x86.Build.0 = Debug|Any CPU
		{5C345678-1234-789A-BCDE-F12345678901}.Release|Any CPU.ActiveCfg = Release|Any CPU
		{5C345678-1234-789A-BCDE-F12345678901}.Release|Any CPU.Build.0 = Release|Any CPU
		{5C345678-1234-789A-BCDE-F12345678901}.Release|x64.ActiveCfg = Release|Any CPU
		{5C345678-1234-789A-BCDE-F12345678901}.Release|x64.Build.0 = Release|Any CPU
		{5C345678-1234-789A-BCDE-F12345678901}.Release|x86.ActiveCfg = Release|Any CPU
		{5C345678-1234-789A-BCDE-F12345678901}.Release|x86.Build.0 = Release|Any CPU
		{6D456789-2345-89AB-CDEF-012345678912}.Debug|Any CPU.ActiveCfg = Debug|Any CPU
		{6D456789-2345-89AB-CDEF-012345678912}.Debug|Any CPU.Build.0 = Debug|Any CPU
		{6D456789-2345-89AB-CDEF-012345678912}.Debug|x64.ActiveCfg = Debug|Any CPU
		{6D456789-2345-89AB-CDEF-012345678912}.Debug|x64.Build.0 = Debug|Any CPU
		{6D456789-2345-89AB-CDEF-012345678912}.Debug|x86.ActiveCfg = Debug|Any CPU
		{6D456789-2345-89AB-CDEF-012345678912}.Debug|x86.Build.0 = Debug|Any CPU
		{6D456789-2345-89AB-CDEF-012345678912}.Release|Any CPU.ActiveCfg = Release|Any CPU
		{6D456789-2345-89AB-CDEF-012345678912}.Release|Any CPU.Build.0 = Release|Any CPU
		{6D456789-2345-89AB-CDEF-012345678912}.Release|x64.ActiveCfg = Release|Any CPU
		{6D456789-2345-89AB-CDEF-012345678912}.Release|x64.Build.0 = Release|Any CPU
		{6D456789-2345-89AB-CDEF-012345678912}.Release|x86.ActiveCfg = Release|Any CPU
		{6D456789-2345-89AB-CDEF-012345678912}.Release|x86.Build.0 = Release|Any CPU
		{7E567890-3456-9ABC-DEF0-123456789023}.Debug|Any CPU.ActiveCfg = Debug|Any CPU
		{7E567890-3456-9ABC-DEF0-123456789023}.Debug|Any CPU.Build.0 = Debug|Any CPU
		{7E567890-3456-9ABC-DEF0-123456789023}.Debug|x64.ActiveCfg = Debug|Any CPU
		{7E567890-3456-9ABC-DEF0-123456789023}.Debug|x64.Build.0 = Debug|Any CPU
		{7E567890-3456-9ABC-DEF0-123456789023}.Debug|x86.ActiveCfg = Debug|Any CPU
		{7E567890-3456-9ABC-DEF0-123456789023}.Debug|x86.Build.0 = Debug|Any CPU
		{7E567890-3456-9ABC-DEF0-123456789023}.Release|Any CPU.ActiveCfg = Release|Any CPU
		{7E567890-3456-9ABC-DEF0-123456789023}.Release|Any CPU.Build.0 = Release|Any CPU
		{7E567890-3456-9ABC-DEF0-123456789023}.Release|x64.ActiveCfg = Release|Any CPU
		{7E567890-3456-9ABC-DEF0-123456789023}.Release|x64.Build.0 = Release|Any CPU
		{7E567890-3456-9ABC-DEF0-123456789023}.Release|x86.ActiveCfg = Release|Any CPU
		{7E567890-3456-9ABC-DEF0-123456789023}.Release|x86.Build.0 = Release|Any CPU
		{8F678901-4567-ABCD-EF01-234567890134}.Debug|Any CPU.ActiveCfg = Debug|Any CPU
		{8F678901-4567-ABCD-EF01-234567890134}.Debug|Any CPU.Build.0 = Debug|Any CPU
		{8F678901-4567-ABCD-EF01-234567890134}.Debug|x64.ActiveCfg = Debug|Any CPU
		{8F678901-4567-ABCD-EF01-234567890134}.Debug|x64.Build.0 = Debug|Any CPU
		{8F678901-4567-ABCD-EF01-234567890134}.Debug|x86.ActiveCfg = Debug|Any CPU
		{8F678901-4567-ABCD-EF01-234567890134}.Debug|x86.Build.0 = Debug|Any CPU
		{8F678901-4567-ABCD-EF01-234567890134}.Release|Any CPU.ActiveCfg = Release|Any CPU
		{8F678901-4567-ABCD-EF01-234567890134}.Release|Any CPU.Build.0 = Release|Any CPU
		{8F678901-4567-ABCD-EF01-234567890134}.Release|x64.ActiveCfg = Release|Any CPU
		{8F678901-4567-ABCD-EF01-234567890134}.Release|x64.Build.0 = Release|Any CPU
		{8F678901-4567-ABCD-EF01-234567890134}.Release|x86.ActiveCfg = Release|Any CPU
		{8F678901-4567-ABCD-EF01-234567890134}.Release|x86.Build.0 = Release|Any CPU
		{9A789012-5678-BCDE-F012-345678901245}.Debug|Any CPU.ActiveCfg = Debug|Any CPU
		{9A789012-5678-BCDE-F012-345678901245}.Debug|Any CPU.Build.0 = Debug|Any CPU
		{9A789012-5678-BCDE-F012-345678901245}.Debug|x64.ActiveCfg = Debug|Any CPU
		{9A789012-5678-BCDE-F012-345678901245}.Debug|x64.Build.0 = Debug|Any CPU
		{9A789012-5678-BCDE-F012-345678901245}.Debug|x86.ActiveCfg = Debug|Any CPU
		{9A789012-5678-BCDE-F012-345678901245}.Debug|x86.Build.0 = Debug|Any CPU
		{9A789012-5678-BCDE-F012-345678901245}.Release|Any CPU.ActiveCfg = Release|Any CPU
		{9A789012-5678-BCDE-F012-345678901245}.Release|Any CPU.Build.0 = Release|Any CPU
		{9A789012-5678-BCDE-F012-345678901245}.Release|x64.ActiveCfg = Release|Any CPU
		{9A789012-5678-BCDE-F012-345678901245}.Release|x64.Build.0 = Release|Any CPU
		{9A789012-5678-BCDE-F012-345678901245}.Release|x86.ActiveCfg = Release|Any CPU
		{9A789012-5678-BCDE-F012-345678901245}.Release|x86.Build.0 = Release|Any CPU
		{AB890123-6789-CDEF-0123-456789012356}.Debug|Any CPU.ActiveCfg = Debug|Any CPU
		{AB890123-6789-CDEF-0123-456789012356}.Debug|Any CPU.Build.0 = Debug|Any CPU
		{AB890123-6789-CDEF-0123-456789012356}.Debug|x64.ActiveCfg = Debug|Any CPU
		{AB890123-6789-CDEF-0123-456789012356}.Debug|x64.Build.0 = Debug|Any CPU
		{AB890123-6789-CDEF-0123-456789012356}.Debug|x86.ActiveCfg = Debug|Any CPU
		{AB890123-6789-CDEF-0123-456789012356}.Debug|x86.Build.0 = Debug|Any CPU
		{AB890123-6789-CDEF-0123-456789012356}.Release|Any CPU.ActiveCfg = Release|Any CPU
		{AB890123-6789-CDEF-0123-456789012356}.Release|Any CPU.Build.0 = Release|Any CPU
		{AB890123-6789-CDEF-0123-456789012356}.Release|x64.ActiveCfg = Release|Any CPU
		{AB890123-6789-CDEF-0123-456789012356}.Release|x64.Build.0 = Release|Any CPU
		{AB890123-6789-CDEF-0123-456789012356}.Release|x86.ActiveCfg = Release|Any CPU
		{AB890123-6789-CDEF-0123-456789012356}.Release|x86.Build.0 = Release|Any CPU
		{BC901234-789A-DEF0-1234-567890123467}.Debug|Any CPU.ActiveCfg = Debug|Any CPU
		{BC901234-789A-DEF0-1234-567890123467}.Debug|Any CPU.Build.0 = Debug|Any CPU
		{BC901234-789A-DEF0-1234-567890123467}.Debug|x64.ActiveCfg = Debug|Any CPU
		{BC901234-789A-DEF0-1234-567890123467}.Debug|x64.Build.0 = Debug|Any CPU
		{BC901234-789A-DEF0-1234-567890123467}.Debug|x86.ActiveCfg = Debug|Any CPU
		{BC901234-789A-DEF0-1234-567890123467}.Debug|x86.Build.0 = Debug|Any CPU
		{BC901234-789A-DEF0-1234-567890123467}.Release|Any CPU.ActiveCfg = Release|Any CPU
		{BC901234-789A-DEF0-1234-567890123467}.Release|Any CPU.Build.0 = Release|Any CPU
		{BC901234-789A-DEF0-1234-567890123467}.Release|x64.ActiveCfg = Release|Any CPU
		{BC901234-789A-DEF0-1234-567890123467}.Release|x64.Build.0 = Release|Any CPU
		{BC901234-789A-DEF0-1234-567890123467}.Release|x86.ActiveCfg = Release|Any CPU
		{BC901234-789A-DEF0-1234-567890123467}.Release|x86.Build.0 = Release|Any CPU
		{CD012345-89AB-EF01-2345-678901234578}.Debug|Any CPU.ActiveCfg = Debug|Any CPU
		{CD012345-89AB-EF01-2345-678901234578}.Debug|Any CPU.Build.0 = Debug|Any CPU
		{CD012345-89AB-EF01-2345-678901234578}.Debug|x64.ActiveCfg = Debug|Any CPU
		{CD012345-89AB-EF01-2345-678901234578}.Debug|x64.Build.0 = Debug|Any CPU
		{CD012345-89AB-EF01-2345-678901234578}.Debug|x86.ActiveCfg = Debug|Any CPU
		{CD012345-89AB-EF01-2345-678901234578}.Debug|x86.Build.0 = Debug|Any CPU
		{CD012345-89AB-EF01-2345-678901234578}.Release|Any CPU.ActiveCfg = Release|Any CPU
		{CD012345-89AB-EF01-2345-678901234578}.Release|Any CPU.Build.0 = Release|Any CPU
		{CD012345-89AB-EF01-2345-678901234578}.Release|x64.ActiveCfg = Release|Any CPU
		{CD012345-89AB-EF01-2345-678901234578}.Release|x64.Build.0 = Release|Any CPU
		{CD012345-89AB-EF01-2345-678901234578}.Release|x86.ActiveCfg = Release|Any CPU
		{CD012345-89AB-EF01-2345-678901234578}.Release|x86.Build.0 = Release|Any CPU
		{CD6A158C-C18A-4CEF-832C-DF1948F00272}.Debug|Any CPU.ActiveCfg = Debug|Any CPU
		{CD6A158C-C18A-4CEF-832C-DF1948F00272}.Debug|Any CPU.Build.0 = Debug|Any CPU
		{CD6A158C-C18A-4CEF-832C-DF1948F00272}.Debug|x64.ActiveCfg = Debug|Any CPU
		{CD6A158C-C18A-4CEF-832C-DF1948F00272}.Debug|x64.Build.0 = Debug|Any CPU
		{CD6A158C-C18A-4CEF-832C-DF1948F00272}.Debug|x86.ActiveCfg = Debug|Any CPU
		{CD6A158C-C18A-4CEF-832C-DF1948F00272}.Debug|x86.Build.0 = Debug|Any CPU
		{CD6A158C-C18A-4CEF-832C-DF1948F00272}.Release|Any CPU.ActiveCfg = Release|Any CPU
		{CD6A158C-C18A-4CEF-832C-DF1948F00272}.Release|Any CPU.Build.0 = Release|Any CPU
		{CD6A158C-C18A-4CEF-832C-DF1948F00272}.Release|x64.ActiveCfg = Release|Any CPU
		{CD6A158C-C18A-4CEF-832C-DF1948F00272}.Release|x64.Build.0 = Release|Any CPU
		{CD6A158C-C18A-4CEF-832C-DF1948F00272}.Release|x86.ActiveCfg = Release|Any CPU
		{CD6A158C-C18A-4CEF-832C-DF1948F00272}.Release|x86.Build.0 = Release|Any CPU
		{C75EA581-3649-4B9D-B313-2655CDC9CAB5}.Debug|Any CPU.ActiveCfg = Debug|Any CPU
		{C75EA581-3649-4B9D-B313-2655CDC9CAB5}.Debug|Any CPU.Build.0 = Debug|Any CPU
		{C75EA581-3649-4B9D-B313-2655CDC9CAB5}.Debug|x64.ActiveCfg = Debug|Any CPU
		{C75EA581-3649-4B9D-B313-2655CDC9CAB5}.Debug|x64.Build.0 = Debug|Any CPU
		{C75EA581-3649-4B9D-B313-2655CDC9CAB5}.Debug|x86.ActiveCfg = Debug|Any CPU
		{C75EA581-3649-4B9D-B313-2655CDC9CAB5}.Debug|x86.Build.0 = Debug|Any CPU
		{C75EA581-3649-4B9D-B313-2655CDC9CAB5}.Release|Any CPU.ActiveCfg = Release|Any CPU
		{C75EA581-3649-4B9D-B313-2655CDC9CAB5}.Release|Any CPU.Build.0 = Release|Any CPU
		{C75EA581-3649-4B9D-B313-2655CDC9CAB5}.Release|x64.ActiveCfg = Release|Any CPU
		{C75EA581-3649-4B9D-B313-2655CDC9CAB5}.Release|x64.Build.0 = Release|Any CPU
		{C75EA581-3649-4B9D-B313-2655CDC9CAB5}.Release|x86.ActiveCfg = Release|Any CPU
		{C75EA581-3649-4B9D-B313-2655CDC9CAB5}.Release|x86.Build.0 = Release|Any CPU
		{39954C6F-9909-4328-9958-27DA8323ED8A}.Debug|Any CPU.ActiveCfg = Debug|Any CPU
		{39954C6F-9909-4328-9958-27DA8323ED8A}.Debug|Any CPU.Build.0 = Debug|Any CPU
		{39954C6F-9909-4328-9958-27DA8323ED8A}.Debug|x64.ActiveCfg = Debug|Any CPU
		{39954C6F-9909-4328-9958-27DA8323ED8A}.Debug|x64.Build.0 = Debug|Any CPU
		{39954C6F-9909-4328-9958-27DA8323ED8A}.Debug|x86.ActiveCfg = Debug|Any CPU
		{39954C6F-9909-4328-9958-27DA8323ED8A}.Debug|x86.Build.0 = Debug|Any CPU
		{39954C6F-9909-4328-9958-27DA8323ED8A}.Release|Any CPU.ActiveCfg = Release|Any CPU
		{39954C6F-9909-4328-9958-27DA8323ED8A}.Release|Any CPU.Build.0 = Release|Any CPU
		{39954C6F-9909-4328-9958-27DA8323ED8A}.Release|x64.ActiveCfg = Release|Any CPU
		{39954C6F-9909-4328-9958-27DA8323ED8A}.Release|x64.Build.0 = Release|Any CPU
		{39954C6F-9909-4328-9958-27DA8323ED8A}.Release|x86.ActiveCfg = Release|Any CPU
		{39954C6F-9909-4328-9958-27DA8323ED8A}.Release|x86.Build.0 = Release|Any CPU
		{5C441981-53E7-4C47-B571-454084AF54BF}.Debug|Any CPU.ActiveCfg = Debug|Any CPU
		{5C441981-53E7-4C47-B571-454084AF54BF}.Debug|Any CPU.Build.0 = Debug|Any CPU
		{5C441981-53E7-4C47-B571-454084AF54BF}.Debug|x64.ActiveCfg = Debug|Any CPU
		{5C441981-53E7-4C47-B571-454084AF54BF}.Debug|x64.Build.0 = Debug|Any CPU
		{5C441981-53E7-4C47-B571-454084AF54BF}.Debug|x86.ActiveCfg = Debug|Any CPU
		{5C441981-53E7-4C47-B571-454084AF54BF}.Debug|x86.Build.0 = Debug|Any CPU
		{5C441981-53E7-4C47-B571-454084AF54BF}.Release|Any CPU.ActiveCfg = Release|Any CPU
		{5C441981-53E7-4C47-B571-454084AF54BF}.Release|Any CPU.Build.0 = Release|Any CPU
		{5C441981-53E7-4C47-B571-454084AF54BF}.Release|x64.ActiveCfg = Release|Any CPU
		{5C441981-53E7-4C47-B571-454084AF54BF}.Release|x64.Build.0 = Release|Any CPU
		{5C441981-53E7-4C47-B571-454084AF54BF}.Release|x86.ActiveCfg = Release|Any CPU
		{5C441981-53E7-4C47-B571-454084AF54BF}.Release|x86.Build.0 = Release|Any CPU
		{6907017C-18B3-4247-92B3-2478714EDBC7}.Debug|Any CPU.ActiveCfg = Debug|Any CPU
		{6907017C-18B3-4247-92B3-2478714EDBC7}.Debug|Any CPU.Build.0 = Debug|Any CPU
		{6907017C-18B3-4247-92B3-2478714EDBC7}.Debug|x64.ActiveCfg = Debug|Any CPU
		{6907017C-18B3-4247-92B3-2478714EDBC7}.Debug|x64.Build.0 = Debug|Any CPU
		{6907017C-18B3-4247-92B3-2478714EDBC7}.Debug|x86.ActiveCfg = Debug|Any CPU
		{6907017C-18B3-4247-92B3-2478714EDBC7}.Debug|x86.Build.0 = Debug|Any CPU
		{6907017C-18B3-4247-92B3-2478714EDBC7}.Release|Any CPU.ActiveCfg = Release|Any CPU
		{6907017C-18B3-4247-92B3-2478714EDBC7}.Release|Any CPU.Build.0 = Release|Any CPU
		{6907017C-18B3-4247-92B3-2478714EDBC7}.Release|x64.ActiveCfg = Release|Any CPU
		{6907017C-18B3-4247-92B3-2478714EDBC7}.Release|x64.Build.0 = Release|Any CPU
		{6907017C-18B3-4247-92B3-2478714EDBC7}.Release|x86.ActiveCfg = Release|Any CPU
		{6907017C-18B3-4247-92B3-2478714EDBC7}.Release|x86.Build.0 = Release|Any CPU
		{827E8106-D817-4181-8808-029314ACBF3A}.Debug|Any CPU.ActiveCfg = Debug|Any CPU
		{827E8106-D817-4181-8808-029314ACBF3A}.Debug|Any CPU.Build.0 = Debug|Any CPU
		{827E8106-D817-4181-8808-029314ACBF3A}.Debug|x64.ActiveCfg = Debug|Any CPU
		{827E8106-D817-4181-8808-029314ACBF3A}.Debug|x64.Build.0 = Debug|Any CPU
		{827E8106-D817-4181-8808-029314ACBF3A}.Debug|x86.ActiveCfg = Debug|Any CPU
		{827E8106-D817-4181-8808-029314ACBF3A}.Debug|x86.Build.0 = Debug|Any CPU
		{827E8106-D817-4181-8808-029314ACBF3A}.Release|Any CPU.ActiveCfg = Release|Any CPU
		{827E8106-D817-4181-8808-029314ACBF3A}.Release|Any CPU.Build.0 = Release|Any CPU
		{827E8106-D817-4181-8808-029314ACBF3A}.Release|x64.ActiveCfg = Release|Any CPU
		{827E8106-D817-4181-8808-029314ACBF3A}.Release|x64.Build.0 = Release|Any CPU
		{827E8106-D817-4181-8808-029314ACBF3A}.Release|x86.ActiveCfg = Release|Any CPU
		{827E8106-D817-4181-8808-029314ACBF3A}.Release|x86.Build.0 = Release|Any CPU
		{984A28A4-EEC4-42DC-AD01-13B02EBE024D}.Debug|Any CPU.ActiveCfg = Debug|Any CPU
		{984A28A4-EEC4-42DC-AD01-13B02EBE024D}.Debug|Any CPU.Build.0 = Debug|Any CPU
		{984A28A4-EEC4-42DC-AD01-13B02EBE024D}.Debug|x64.ActiveCfg = Debug|Any CPU
		{984A28A4-EEC4-42DC-AD01-13B02EBE024D}.Debug|x64.Build.0 = Debug|Any CPU
		{984A28A4-EEC4-42DC-AD01-13B02EBE024D}.Debug|x86.ActiveCfg = Debug|Any CPU
		{984A28A4-EEC4-42DC-AD01-13B02EBE024D}.Debug|x86.Build.0 = Debug|Any CPU
		{984A28A4-EEC4-42DC-AD01-13B02EBE024D}.Release|Any CPU.ActiveCfg = Release|Any CPU
		{984A28A4-EEC4-42DC-AD01-13B02EBE024D}.Release|Any CPU.Build.0 = Release|Any CPU
		{984A28A4-EEC4-42DC-AD01-13B02EBE024D}.Release|x64.ActiveCfg = Release|Any CPU
		{984A28A4-EEC4-42DC-AD01-13B02EBE024D}.Release|x64.Build.0 = Release|Any CPU
		{984A28A4-EEC4-42DC-AD01-13B02EBE024D}.Release|x86.ActiveCfg = Release|Any CPU
		{984A28A4-EEC4-42DC-AD01-13B02EBE024D}.Release|x86.Build.0 = Release|Any CPU
		{EA4D637C-80CF-4B84-959B-07DDBFD6019D}.Debug|Any CPU.ActiveCfg = Debug|Any CPU
		{EA4D637C-80CF-4B84-959B-07DDBFD6019D}.Debug|Any CPU.Build.0 = Debug|Any CPU
		{EA4D637C-80CF-4B84-959B-07DDBFD6019D}.Debug|x64.ActiveCfg = Debug|Any CPU
		{EA4D637C-80CF-4B84-959B-07DDBFD6019D}.Debug|x64.Build.0 = Debug|Any CPU
		{EA4D637C-80CF-4B84-959B-07DDBFD6019D}.Debug|x86.ActiveCfg = Debug|Any CPU
		{EA4D637C-80CF-4B84-959B-07DDBFD6019D}.Debug|x86.Build.0 = Debug|Any CPU
		{EA4D637C-80CF-4B84-959B-07DDBFD6019D}.Release|Any CPU.ActiveCfg = Release|Any CPU
		{EA4D637C-80CF-4B84-959B-07DDBFD6019D}.Release|Any CPU.Build.0 = Release|Any CPU
		{EA4D637C-80CF-4B84-959B-07DDBFD6019D}.Release|x64.ActiveCfg = Release|Any CPU
		{EA4D637C-80CF-4B84-959B-07DDBFD6019D}.Release|x64.Build.0 = Release|Any CPU
		{EA4D637C-80CF-4B84-959B-07DDBFD6019D}.Release|x86.ActiveCfg = Release|Any CPU
		{EA4D637C-80CF-4B84-959B-07DDBFD6019D}.Release|x86.Build.0 = Release|Any CPU
		{D63B8FCB-FB91-44B2-92F2-265771855795}.Debug|Any CPU.ActiveCfg = Debug|Any CPU
		{D63B8FCB-FB91-44B2-92F2-265771855795}.Debug|Any CPU.Build.0 = Debug|Any CPU
		{D63B8FCB-FB91-44B2-92F2-265771855795}.Debug|x64.ActiveCfg = Debug|Any CPU
		{D63B8FCB-FB91-44B2-92F2-265771855795}.Debug|x64.Build.0 = Debug|Any CPU
		{D63B8FCB-FB91-44B2-92F2-265771855795}.Debug|x86.ActiveCfg = Debug|Any CPU
		{D63B8FCB-FB91-44B2-92F2-265771855795}.Debug|x86.Build.0 = Debug|Any CPU
		{D63B8FCB-FB91-44B2-92F2-265771855795}.Release|Any CPU.ActiveCfg = Release|Any CPU
		{D63B8FCB-FB91-44B2-92F2-265771855795}.Release|Any CPU.Build.0 = Release|Any CPU
		{D63B8FCB-FB91-44B2-92F2-265771855795}.Release|x64.ActiveCfg = Release|Any CPU
		{D63B8FCB-FB91-44B2-92F2-265771855795}.Release|x64.Build.0 = Release|Any CPU
		{D63B8FCB-FB91-44B2-92F2-265771855795}.Release|x86.ActiveCfg = Release|Any CPU
		{D63B8FCB-FB91-44B2-92F2-265771855795}.Release|x86.Build.0 = Release|Any CPU
		{96B0A43B-F06D-4CE8-8933-C84DEEE63CEA}.Debug|Any CPU.ActiveCfg = Debug|Any CPU
		{96B0A43B-F06D-4CE8-8933-C84DEEE63CEA}.Debug|Any CPU.Build.0 = Debug|Any CPU
		{96B0A43B-F06D-4CE8-8933-C84DEEE63CEA}.Debug|x64.ActiveCfg = Debug|Any CPU
		{96B0A43B-F06D-4CE8-8933-C84DEEE63CEA}.Debug|x64.Build.0 = Debug|Any CPU
		{96B0A43B-F06D-4CE8-8933-C84DEEE63CEA}.Debug|x86.ActiveCfg = Debug|Any CPU
		{96B0A43B-F06D-4CE8-8933-C84DEEE63CEA}.Debug|x86.Build.0 = Debug|Any CPU
		{96B0A43B-F06D-4CE8-8933-C84DEEE63CEA}.Release|Any CPU.ActiveCfg = Release|Any CPU
		{96B0A43B-F06D-4CE8-8933-C84DEEE63CEA}.Release|Any CPU.Build.0 = Release|Any CPU
		{96B0A43B-F06D-4CE8-8933-C84DEEE63CEA}.Release|x64.ActiveCfg = Release|Any CPU
		{96B0A43B-F06D-4CE8-8933-C84DEEE63CEA}.Release|x64.Build.0 = Release|Any CPU
		{96B0A43B-F06D-4CE8-8933-C84DEEE63CEA}.Release|x86.ActiveCfg = Release|Any CPU
		{96B0A43B-F06D-4CE8-8933-C84DEEE63CEA}.Release|x86.Build.0 = Release|Any CPU
		{4A17B22E-F1F3-4E38-A784-B34C5307B554}.Debug|Any CPU.ActiveCfg = Debug|Any CPU
		{4A17B22E-F1F3-4E38-A784-B34C5307B554}.Debug|Any CPU.Build.0 = Debug|Any CPU
		{4A17B22E-F1F3-4E38-A784-B34C5307B554}.Debug|x64.ActiveCfg = Debug|Any CPU
		{4A17B22E-F1F3-4E38-A784-B34C5307B554}.Debug|x64.Build.0 = Debug|Any CPU
		{4A17B22E-F1F3-4E38-A784-B34C5307B554}.Debug|x86.ActiveCfg = Debug|Any CPU
		{4A17B22E-F1F3-4E38-A784-B34C5307B554}.Debug|x86.Build.0 = Debug|Any CPU
		{4A17B22E-F1F3-4E38-A784-B34C5307B554}.Release|Any CPU.ActiveCfg = Release|Any CPU
		{4A17B22E-F1F3-4E38-A784-B34C5307B554}.Release|Any CPU.Build.0 = Release|Any CPU
		{4A17B22E-F1F3-4E38-A784-B34C5307B554}.Release|x64.ActiveCfg = Release|Any CPU
		{4A17B22E-F1F3-4E38-A784-B34C5307B554}.Release|x64.Build.0 = Release|Any CPU
		{4A17B22E-F1F3-4E38-A784-B34C5307B554}.Release|x86.ActiveCfg = Release|Any CPU
		{4A17B22E-F1F3-4E38-A784-B34C5307B554}.Release|x86.Build.0 = Release|Any CPU
		{55F556C9-FB4E-4134-84AE-966E6BC3F5E7}.Debug|Any CPU.ActiveCfg = Debug|Any CPU
		{55F556C9-FB4E-4134-84AE-966E6BC3F5E7}.Debug|Any CPU.Build.0 = Debug|Any CPU
		{55F556C9-FB4E-4134-84AE-966E6BC3F5E7}.Debug|x64.ActiveCfg = Debug|Any CPU
		{55F556C9-FB4E-4134-84AE-966E6BC3F5E7}.Debug|x64.Build.0 = Debug|Any CPU
		{55F556C9-FB4E-4134-84AE-966E6BC3F5E7}.Debug|x86.ActiveCfg = Debug|Any CPU
		{55F556C9-FB4E-4134-84AE-966E6BC3F5E7}.Debug|x86.Build.0 = Debug|Any CPU
		{55F556C9-FB4E-4134-84AE-966E6BC3F5E7}.Release|Any CPU.ActiveCfg = Release|Any CPU
		{55F556C9-FB4E-4134-84AE-966E6BC3F5E7}.Release|Any CPU.Build.0 = Release|Any CPU
		{55F556C9-FB4E-4134-84AE-966E6BC3F5E7}.Release|x64.ActiveCfg = Release|Any CPU
		{55F556C9-FB4E-4134-84AE-966E6BC3F5E7}.Release|x64.Build.0 = Release|Any CPU
		{55F556C9-FB4E-4134-84AE-966E6BC3F5E7}.Release|x86.ActiveCfg = Release|Any CPU
		{55F556C9-FB4E-4134-84AE-966E6BC3F5E7}.Release|x86.Build.0 = Release|Any CPU
		{60BEA2FF-FDBC-49DA-87AA-83670703E3AF}.Debug|Any CPU.ActiveCfg = Debug|Any CPU
		{60BEA2FF-FDBC-49DA-87AA-83670703E3AF}.Debug|Any CPU.Build.0 = Debug|Any CPU
		{60BEA2FF-FDBC-49DA-87AA-83670703E3AF}.Debug|x64.ActiveCfg = Debug|Any CPU
		{60BEA2FF-FDBC-49DA-87AA-83670703E3AF}.Debug|x64.Build.0 = Debug|Any CPU
		{60BEA2FF-FDBC-49DA-87AA-83670703E3AF}.Debug|x86.ActiveCfg = Debug|Any CPU
		{60BEA2FF-FDBC-49DA-87AA-83670703E3AF}.Debug|x86.Build.0 = Debug|Any CPU
		{60BEA2FF-FDBC-49DA-87AA-83670703E3AF}.Release|Any CPU.ActiveCfg = Release|Any CPU
		{60BEA2FF-FDBC-49DA-87AA-83670703E3AF}.Release|Any CPU.Build.0 = Release|Any CPU
		{60BEA2FF-FDBC-49DA-87AA-83670703E3AF}.Release|x64.ActiveCfg = Release|Any CPU
		{60BEA2FF-FDBC-49DA-87AA-83670703E3AF}.Release|x64.Build.0 = Release|Any CPU
		{60BEA2FF-FDBC-49DA-87AA-83670703E3AF}.Release|x86.ActiveCfg = Release|Any CPU
		{60BEA2FF-FDBC-49DA-87AA-83670703E3AF}.Release|x86.Build.0 = Release|Any CPU
		{42A907D5-2A00-4E27-A003-8CFC935B5BC0}.Debug|Any CPU.ActiveCfg = Debug|Any CPU
		{42A907D5-2A00-4E27-A003-8CFC935B5BC0}.Debug|Any CPU.Build.0 = Debug|Any CPU
		{42A907D5-2A00-4E27-A003-8CFC935B5BC0}.Debug|x64.ActiveCfg = Debug|Any CPU
		{42A907D5-2A00-4E27-A003-8CFC935B5BC0}.Debug|x64.Build.0 = Debug|Any CPU
		{42A907D5-2A00-4E27-A003-8CFC935B5BC0}.Debug|x86.ActiveCfg = Debug|Any CPU
		{42A907D5-2A00-4E27-A003-8CFC935B5BC0}.Debug|x86.Build.0 = Debug|Any CPU
		{42A907D5-2A00-4E27-A003-8CFC935B5BC0}.Release|Any CPU.ActiveCfg = Release|Any CPU
		{42A907D5-2A00-4E27-A003-8CFC935B5BC0}.Release|Any CPU.Build.0 = Release|Any CPU
		{42A907D5-2A00-4E27-A003-8CFC935B5BC0}.Release|x64.ActiveCfg = Release|Any CPU
		{42A907D5-2A00-4E27-A003-8CFC935B5BC0}.Release|x64.Build.0 = Release|Any CPU
		{42A907D5-2A00-4E27-A003-8CFC935B5BC0}.Release|x86.ActiveCfg = Release|Any CPU
		{42A907D5-2A00-4E27-A003-8CFC935B5BC0}.Release|x86.Build.0 = Release|Any CPU
		{BF48241B-2F79-4ECF-B8B9-449CD19C54E0}.Debug|Any CPU.ActiveCfg = Debug|Any CPU
		{BF48241B-2F79-4ECF-B8B9-449CD19C54E0}.Debug|Any CPU.Build.0 = Debug|Any CPU
		{BF48241B-2F79-4ECF-B8B9-449CD19C54E0}.Debug|x64.ActiveCfg = Debug|Any CPU
		{BF48241B-2F79-4ECF-B8B9-449CD19C54E0}.Debug|x64.Build.0 = Debug|Any CPU
		{BF48241B-2F79-4ECF-B8B9-449CD19C54E0}.Debug|x86.ActiveCfg = Debug|Any CPU
		{BF48241B-2F79-4ECF-B8B9-449CD19C54E0}.Debug|x86.Build.0 = Debug|Any CPU
		{BF48241B-2F79-4ECF-B8B9-449CD19C54E0}.Release|Any CPU.ActiveCfg = Release|Any CPU
		{BF48241B-2F79-4ECF-B8B9-449CD19C54E0}.Release|Any CPU.Build.0 = Release|Any CPU
		{BF48241B-2F79-4ECF-B8B9-449CD19C54E0}.Release|x64.ActiveCfg = Release|Any CPU
		{BF48241B-2F79-4ECF-B8B9-449CD19C54E0}.Release|x64.Build.0 = Release|Any CPU
		{BF48241B-2F79-4ECF-B8B9-449CD19C54E0}.Release|x86.ActiveCfg = Release|Any CPU
		{BF48241B-2F79-4ECF-B8B9-449CD19C54E0}.Release|x86.Build.0 = Release|Any CPU
		{965B5314-F7D6-4EB3-879B-137EF57940F8}.Debug|Any CPU.ActiveCfg = Debug|Any CPU
		{965B5314-F7D6-4EB3-879B-137EF57940F8}.Debug|Any CPU.Build.0 = Debug|Any CPU
		{965B5314-F7D6-4EB3-879B-137EF57940F8}.Debug|x64.ActiveCfg = Debug|Any CPU
		{965B5314-F7D6-4EB3-879B-137EF57940F8}.Debug|x64.Build.0 = Debug|Any CPU
		{965B5314-F7D6-4EB3-879B-137EF57940F8}.Debug|x86.ActiveCfg = Debug|Any CPU
		{965B5314-F7D6-4EB3-879B-137EF57940F8}.Debug|x86.Build.0 = Debug|Any CPU
		{965B5314-F7D6-4EB3-879B-137EF57940F8}.Release|Any CPU.ActiveCfg = Release|Any CPU
		{965B5314-F7D6-4EB3-879B-137EF57940F8}.Release|Any CPU.Build.0 = Release|Any CPU
		{965B5314-F7D6-4EB3-879B-137EF57940F8}.Release|x64.ActiveCfg = Release|Any CPU
		{965B5314-F7D6-4EB3-879B-137EF57940F8}.Release|x64.Build.0 = Release|Any CPU
		{965B5314-F7D6-4EB3-879B-137EF57940F8}.Release|x86.ActiveCfg = Release|Any CPU
		{965B5314-F7D6-4EB3-879B-137EF57940F8}.Release|x86.Build.0 = Release|Any CPU
		{625F6F51-FCC8-49E5-BCB8-C6C0EB53444F}.Debug|Any CPU.ActiveCfg = Debug|Any CPU
		{625F6F51-FCC8-49E5-BCB8-C6C0EB53444F}.Debug|Any CPU.Build.0 = Debug|Any CPU
		{625F6F51-FCC8-49E5-BCB8-C6C0EB53444F}.Debug|x64.ActiveCfg = Debug|Any CPU
		{625F6F51-FCC8-49E5-BCB8-C6C0EB53444F}.Debug|x64.Build.0 = Debug|Any CPU
		{625F6F51-FCC8-49E5-BCB8-C6C0EB53444F}.Debug|x86.ActiveCfg = Debug|Any CPU
		{625F6F51-FCC8-49E5-BCB8-C6C0EB53444F}.Debug|x86.Build.0 = Debug|Any CPU
		{625F6F51-FCC8-49E5-BCB8-C6C0EB53444F}.Release|Any CPU.ActiveCfg = Release|Any CPU
		{625F6F51-FCC8-49E5-BCB8-C6C0EB53444F}.Release|Any CPU.Build.0 = Release|Any CPU
		{625F6F51-FCC8-49E5-BCB8-C6C0EB53444F}.Release|x64.ActiveCfg = Release|Any CPU
		{625F6F51-FCC8-49E5-BCB8-C6C0EB53444F}.Release|x64.Build.0 = Release|Any CPU
		{625F6F51-FCC8-49E5-BCB8-C6C0EB53444F}.Release|x86.ActiveCfg = Release|Any CPU
		{625F6F51-FCC8-49E5-BCB8-C6C0EB53444F}.Release|x86.Build.0 = Release|Any CPU
		{2BECDCEF-AE09-4AD5-9C41-20F36E9C7BDC}.Debug|Any CPU.ActiveCfg = Debug|Any CPU
		{2BECDCEF-AE09-4AD5-9C41-20F36E9C7BDC}.Debug|Any CPU.Build.0 = Debug|Any CPU
		{2BECDCEF-AE09-4AD5-9C41-20F36E9C7BDC}.Debug|x64.ActiveCfg = Debug|Any CPU
		{2BECDCEF-AE09-4AD5-9C41-20F36E9C7BDC}.Debug|x64.Build.0 = Debug|Any CPU
		{2BECDCEF-AE09-4AD5-9C41-20F36E9C7BDC}.Debug|x86.ActiveCfg = Debug|Any CPU
		{2BECDCEF-AE09-4AD5-9C41-20F36E9C7BDC}.Debug|x86.Build.0 = Debug|Any CPU
		{2BECDCEF-AE09-4AD5-9C41-20F36E9C7BDC}.Release|Any CPU.ActiveCfg = Release|Any CPU
		{2BECDCEF-AE09-4AD5-9C41-20F36E9C7BDC}.Release|Any CPU.Build.0 = Release|Any CPU
		{2BECDCEF-AE09-4AD5-9C41-20F36E9C7BDC}.Release|x64.ActiveCfg = Release|Any CPU
		{2BECDCEF-AE09-4AD5-9C41-20F36E9C7BDC}.Release|x64.Build.0 = Release|Any CPU
		{2BECDCEF-AE09-4AD5-9C41-20F36E9C7BDC}.Release|x86.ActiveCfg = Release|Any CPU
		{2BECDCEF-AE09-4AD5-9C41-20F36E9C7BDC}.Release|x86.Build.0 = Release|Any CPU
		{88A9F125-F8F7-4C8A-A5D9-7AB0DDD7995A}.Debug|Any CPU.ActiveCfg = Debug|Any CPU
		{88A9F125-F8F7-4C8A-A5D9-7AB0DDD7995A}.Debug|Any CPU.Build.0 = Debug|Any CPU
		{88A9F125-F8F7-4C8A-A5D9-7AB0DDD7995A}.Debug|x64.ActiveCfg = Debug|Any CPU
		{88A9F125-F8F7-4C8A-A5D9-7AB0DDD7995A}.Debug|x64.Build.0 = Debug|Any CPU
		{88A9F125-F8F7-4C8A-A5D9-7AB0DDD7995A}.Debug|x86.ActiveCfg = Debug|Any CPU
		{88A9F125-F8F7-4C8A-A5D9-7AB0DDD7995A}.Debug|x86.Build.0 = Debug|Any CPU
		{88A9F125-F8F7-4C8A-A5D9-7AB0DDD7995A}.Release|Any CPU.ActiveCfg = Release|Any CPU
		{88A9F125-F8F7-4C8A-A5D9-7AB0DDD7995A}.Release|Any CPU.Build.0 = Release|Any CPU
		{88A9F125-F8F7-4C8A-A5D9-7AB0DDD7995A}.Release|x64.ActiveCfg = Release|Any CPU
		{88A9F125-F8F7-4C8A-A5D9-7AB0DDD7995A}.Release|x64.Build.0 = Release|Any CPU
		{88A9F125-F8F7-4C8A-A5D9-7AB0DDD7995A}.Release|x86.ActiveCfg = Release|Any CPU
		{88A9F125-F8F7-4C8A-A5D9-7AB0DDD7995A}.Release|x86.Build.0 = Release|Any CPU
		{E0AE76A8-4A71-4C96-AC7C-7B2975E316F4}.Debug|Any CPU.ActiveCfg = Debug|Any CPU
		{E0AE76A8-4A71-4C96-AC7C-7B2975E316F4}.Debug|Any CPU.Build.0 = Debug|Any CPU
		{E0AE76A8-4A71-4C96-AC7C-7B2975E316F4}.Debug|x64.ActiveCfg = Debug|Any CPU
		{E0AE76A8-4A71-4C96-AC7C-7B2975E316F4}.Debug|x64.Build.0 = Debug|Any CPU
		{E0AE76A8-4A71-4C96-AC7C-7B2975E316F4}.Debug|x86.ActiveCfg = Debug|Any CPU
		{E0AE76A8-4A71-4C96-AC7C-7B2975E316F4}.Debug|x86.Build.0 = Debug|Any CPU
		{E0AE76A8-4A71-4C96-AC7C-7B2975E316F4}.Release|Any CPU.ActiveCfg = Release|Any CPU
		{E0AE76A8-4A71-4C96-AC7C-7B2975E316F4}.Release|Any CPU.Build.0 = Release|Any CPU
		{E0AE76A8-4A71-4C96-AC7C-7B2975E316F4}.Release|x64.ActiveCfg = Release|Any CPU
		{E0AE76A8-4A71-4C96-AC7C-7B2975E316F4}.Release|x64.Build.0 = Release|Any CPU
		{E0AE76A8-4A71-4C96-AC7C-7B2975E316F4}.Release|x86.ActiveCfg = Release|Any CPU
		{E0AE76A8-4A71-4C96-AC7C-7B2975E316F4}.Release|x86.Build.0 = Release|Any CPU
		{FCA54D66-1B44-4F52-A3DA-B5E5B2F12575}.Debug|Any CPU.ActiveCfg = Debug|Any CPU
		{FCA54D66-1B44-4F52-A3DA-B5E5B2F12575}.Debug|Any CPU.Build.0 = Debug|Any CPU
		{FCA54D66-1B44-4F52-A3DA-B5E5B2F12575}.Debug|x64.ActiveCfg = Debug|Any CPU
		{FCA54D66-1B44-4F52-A3DA-B5E5B2F12575}.Debug|x64.Build.0 = Debug|Any CPU
		{FCA54D66-1B44-4F52-A3DA-B5E5B2F12575}.Debug|x86.ActiveCfg = Debug|Any CPU
		{FCA54D66-1B44-4F52-A3DA-B5E5B2F12575}.Debug|x86.Build.0 = Debug|Any CPU
		{FCA54D66-1B44-4F52-A3DA-B5E5B2F12575}.Release|Any CPU.ActiveCfg = Release|Any CPU
		{FCA54D66-1B44-4F52-A3DA-B5E5B2F12575}.Release|Any CPU.Build.0 = Release|Any CPU
		{FCA54D66-1B44-4F52-A3DA-B5E5B2F12575}.Release|x64.ActiveCfg = Release|Any CPU
		{FCA54D66-1B44-4F52-A3DA-B5E5B2F12575}.Release|x64.Build.0 = Release|Any CPU
		{FCA54D66-1B44-4F52-A3DA-B5E5B2F12575}.Release|x86.ActiveCfg = Release|Any CPU
		{FCA54D66-1B44-4F52-A3DA-B5E5B2F12575}.Release|x86.Build.0 = Release|Any CPU
		{D916C64C-AEC4-4396-8E57-54F9AF222916}.Debug|Any CPU.ActiveCfg = Debug|Any CPU
		{D916C64C-AEC4-4396-8E57-54F9AF222916}.Debug|Any CPU.Build.0 = Debug|Any CPU
		{D916C64C-AEC4-4396-8E57-54F9AF222916}.Debug|x64.ActiveCfg = Debug|Any CPU
		{D916C64C-AEC4-4396-8E57-54F9AF222916}.Debug|x64.Build.0 = Debug|Any CPU
		{D916C64C-AEC4-4396-8E57-54F9AF222916}.Debug|x86.ActiveCfg = Debug|Any CPU
		{D916C64C-AEC4-4396-8E57-54F9AF222916}.Debug|x86.Build.0 = Debug|Any CPU
		{D916C64C-AEC4-4396-8E57-54F9AF222916}.Release|Any CPU.ActiveCfg = Release|Any CPU
		{D916C64C-AEC4-4396-8E57-54F9AF222916}.Release|Any CPU.Build.0 = Release|Any CPU
		{D916C64C-AEC4-4396-8E57-54F9AF222916}.Release|x64.ActiveCfg = Release|Any CPU
		{D916C64C-AEC4-4396-8E57-54F9AF222916}.Release|x64.Build.0 = Release|Any CPU
		{D916C64C-AEC4-4396-8E57-54F9AF222916}.Release|x86.ActiveCfg = Release|Any CPU
		{D916C64C-AEC4-4396-8E57-54F9AF222916}.Release|x86.Build.0 = Release|Any CPU
		{554A7BF8-DC9B-4116-8DB3-9DA0CE5CFB8D}.Debug|Any CPU.ActiveCfg = Debug|Any CPU
		{554A7BF8-DC9B-4116-8DB3-9DA0CE5CFB8D}.Debug|Any CPU.Build.0 = Debug|Any CPU
		{554A7BF8-DC9B-4116-8DB3-9DA0CE5CFB8D}.Debug|x64.ActiveCfg = Debug|Any CPU
		{554A7BF8-DC9B-4116-8DB3-9DA0CE5CFB8D}.Debug|x64.Build.0 = Debug|Any CPU
		{554A7BF8-DC9B-4116-8DB3-9DA0CE5CFB8D}.Debug|x86.ActiveCfg = Debug|Any CPU
		{554A7BF8-DC9B-4116-8DB3-9DA0CE5CFB8D}.Debug|x86.Build.0 = Debug|Any CPU
		{554A7BF8-DC9B-4116-8DB3-9DA0CE5CFB8D}.Release|Any CPU.ActiveCfg = Release|Any CPU
		{554A7BF8-DC9B-4116-8DB3-9DA0CE5CFB8D}.Release|Any CPU.Build.0 = Release|Any CPU
		{554A7BF8-DC9B-4116-8DB3-9DA0CE5CFB8D}.Release|x64.ActiveCfg = Release|Any CPU
		{554A7BF8-DC9B-4116-8DB3-9DA0CE5CFB8D}.Release|x64.Build.0 = Release|Any CPU
		{554A7BF8-DC9B-4116-8DB3-9DA0CE5CFB8D}.Release|x86.ActiveCfg = Release|Any CPU
		{554A7BF8-DC9B-4116-8DB3-9DA0CE5CFB8D}.Release|x86.Build.0 = Release|Any CPU
		{F112B4D7-9644-44D4-B9C7-D3023E6B96F2}.Debug|Any CPU.ActiveCfg = Debug|Any CPU
		{F112B4D7-9644-44D4-B9C7-D3023E6B96F2}.Debug|Any CPU.Build.0 = Debug|Any CPU
		{F112B4D7-9644-44D4-B9C7-D3023E6B96F2}.Debug|x64.ActiveCfg = Debug|Any CPU
		{F112B4D7-9644-44D4-B9C7-D3023E6B96F2}.Debug|x64.Build.0 = Debug|Any CPU
		{F112B4D7-9644-44D4-B9C7-D3023E6B96F2}.Debug|x86.ActiveCfg = Debug|Any CPU
		{F112B4D7-9644-44D4-B9C7-D3023E6B96F2}.Debug|x86.Build.0 = Debug|Any CPU
		{F112B4D7-9644-44D4-B9C7-D3023E6B96F2}.Release|Any CPU.ActiveCfg = Release|Any CPU
		{F112B4D7-9644-44D4-B9C7-D3023E6B96F2}.Release|Any CPU.Build.0 = Release|Any CPU
		{F112B4D7-9644-44D4-B9C7-D3023E6B96F2}.Release|x64.ActiveCfg = Release|Any CPU
		{F112B4D7-9644-44D4-B9C7-D3023E6B96F2}.Release|x64.Build.0 = Release|Any CPU
		{F112B4D7-9644-44D4-B9C7-D3023E6B96F2}.Release|x86.ActiveCfg = Release|Any CPU
		{F112B4D7-9644-44D4-B9C7-D3023E6B96F2}.Release|x86.Build.0 = Release|Any CPU
	EndGlobalSection
	GlobalSection(SolutionProperties) = preSolution
		HideSolutionNode = FALSE
	EndGlobalSection
EndGlobal
